
Microsoft Visual Studio Solution File, Format Version 12.00
# Visual Studio Version 17
VisualStudioVersion = 17.11.35222.181
MinimumVisualStudioVersion = 10.0.40219.1
Project("{9A19103F-16F7-4668-BE54-9A1E7A4F7556}") = "UI", "UI\UI.csproj", "{69F8F556-1AF9-4587-AF5B-AE4A5065DF11}"
EndProject
Project("{9A19103F-16F7-4668-BE54-9A1E7A4F7556}") = "BLL", "BLL\BLL.csproj", "{A032163D-3A86-4731-95D5-78064E314BCD}"
EndProject
Project("{9A19103F-16F7-4668-BE54-9A1E7A4F7556}") = "BEntity", "BEntity\BEntity.csproj", "{B69AA29E-6079-48B4-A8C3-3F40CFBF8BD7}"
EndProject
Project("{9A19103F-16F7-4668-BE54-9A1E7A4F7556}") = "DAL", "DAL\DAL.csproj", "{519C35D8-4480-4DF6-93C5-A62030AD1A0E}"
EndProject
Project("{FAE04EC0-301F-11D3-BF4B-00C04F79EFBC}") = "MPP", "MPP\MPP.csproj", "{32494B1F-E27D-43CC-839F-5EECC49D17DB}"
EndProject
Global
	GlobalSection(SolutionConfigurationPlatforms) = preSolution
		Debug|Any CPU = Debug|Any CPU
		Release|Any CPU = Release|Any CPU
	EndGlobalSection
	GlobalSection(ProjectConfigurationPlatforms) = postSolution
		{69F8F556-1AF9-4587-AF5B-AE4A5065DF11}.Debug|Any CPU.ActiveCfg = Debug|Any CPU
		{69F8F556-1AF9-4587-AF5B-AE4A5065DF11}.Debug|Any CPU.Build.0 = Debug|Any CPU
		{69F8F556-1AF9-4587-AF5B-AE4A5065DF11}.Release|Any CPU.ActiveCfg = Release|Any CPU
		{69F8F556-1AF9-4587-AF5B-AE4A5065DF11}.Release|Any CPU.Build.0 = Release|Any CPU
		{A032163D-3A86-4731-95D5-78064E314BCD}.Debug|Any CPU.ActiveCfg = Debug|Any CPU
		{A032163D-3A86-4731-95D5-78064E314BCD}.Debug|Any CPU.Build.0 = Debug|Any CPU
		{A032163D-3A86-4731-95D5-78064E314BCD}.Release|Any CPU.ActiveCfg = Release|Any CPU
		{A032163D-3A86-4731-95D5-78064E314BCD}.Release|Any CPU.Build.0 = Release|Any CPU
		{B69AA29E-6079-48B4-A8C3-3F40CFBF8BD7}.Debug|Any CPU.ActiveCfg = Debug|Any CPU
		{B69AA29E-6079-48B4-A8C3-3F40CFBF8BD7}.Debug|Any CPU.Build.0 = Debug|Any CPU
		{B69AA29E-6079-48B4-A8C3-3F40CFBF8BD7}.Release|Any CPU.ActiveCfg = Release|Any CPU
		{B69AA29E-6079-48B4-A8C3-3F40CFBF8BD7}.Release|Any CPU.Build.0 = Release|Any CPU
		{519C35D8-4480-4DF6-93C5-A62030AD1A0E}.Debug|Any CPU.ActiveCfg = Debug|Any CPU
		{519C35D8-4480-4DF6-93C5-A62030AD1A0E}.Debug|Any CPU.Build.0 = Debug|Any CPU
		{519C35D8-4480-4DF6-93C5-A62030AD1A0E}.Release|Any CPU.ActiveCfg = Release|Any CPU
		{519C35D8-4480-4DF6-93C5-A62030AD1A0E}.Release|Any CPU.Build.0 = Release|Any CPU
		{32494B1F-E27D-43CC-839F-5EECC49D17DB}.Debug|Any CPU.ActiveCfg = Debug|Any CPU
		{32494B1F-E27D-43CC-839F-5EECC49D17DB}.Debug|Any CPU.Build.0 = Debug|Any CPU
		{32494B1F-E27D-43CC-839F-5EECC49D17DB}.Release|Any CPU.ActiveCfg = Release|Any CPU
		{32494B1F-E27D-43CC-839F-5EECC49D17DB}.Release|Any CPU.Build.0 = Release|Any CPU
	EndGlobalSection
	GlobalSection(SolutionProperties) = preSolution
		HideSolutionNode = FALSE
	EndGlobalSection
	GlobalSection(ExtensibilityGlobals) = postSolution
		SolutionGuid = {94345B19-E32F-4EE7-8DA4-D724BF64F851}
	EndGlobalSection
EndGlobal
